// !$*UTF8*$!
{
	archiveVersion = 1;
	classes = {
	};
	objectVersion = 50;
	objects = {

/* Begin PBXBuildFile section */
		DF01E4772434C29A005F9117 /* AppDelegate.swift in Sources */ = {isa = PBXBuildFile; fileRef = DF01E4762434C29A005F9117 /* AppDelegate.swift */; };
		DF01E4792434C29A005F9117 /* SceneDelegate.swift in Sources */ = {isa = PBXBuildFile; fileRef = DF01E4782434C29A005F9117 /* SceneDelegate.swift */; };
		DF01E4812434C29A005F9117 /* WebCamMap.xcdatamodeld in Sources */ = {isa = PBXBuildFile; fileRef = DF01E47F2434C29A005F9117 /* WebCamMap.xcdatamodeld */; };
		DF01E4832434C29F005F9117 /* Assets.xcassets in Resources */ = {isa = PBXBuildFile; fileRef = DF01E4822434C29F005F9117 /* Assets.xcassets */; };
		DF01E4862434C29F005F9117 /* LaunchScreen.storyboard in Resources */ = {isa = PBXBuildFile; fileRef = DF01E4842434C29F005F9117 /* LaunchScreen.storyboard */; };
		DF01E4912434C29F005F9117 /* WebCamMapTests.swift in Sources */ = {isa = PBXBuildFile; fileRef = DF01E4902434C29F005F9117 /* WebCamMapTests.swift */; };
		DF01E4A02434C3A6005F9117 /* Main.storyboard in Resources */ = {isa = PBXBuildFile; fileRef = DF01E49F2434C3A6005F9117 /* Main.storyboard */; };
		DF01E4A22434C897005F9117 /* Info.plist in Resources */ = {isa = PBXBuildFile; fileRef = DF01E4A12434C897005F9117 /* Info.plist */; };
		DF01E4A42437435C005F9117 /* WebCamInfoTableViewController.swift in Sources */ = {isa = PBXBuildFile; fileRef = DF01E4A32437435C005F9117 /* WebCamInfoTableViewController.swift */; };
		DF01E4A6243758BC005F9117 /* WebCamInfoTableViewCell.swift in Sources */ = {isa = PBXBuildFile; fileRef = DF01E4A5243758BC005F9117 /* WebCamInfoTableViewCell.swift */; };
		DF4BE61A2438E29D00125E6E /* WebCamInfoTableViewController.swift in Sources */ = {isa = PBXBuildFile; fileRef = DF01E4A32437435C005F9117 /* WebCamInfoTableViewController.swift */; };
		DFABF2292437A0520019B04E /* WebCamMapViewController.swift in Sources */ = {isa = PBXBuildFile; fileRef = DFABF2282437A0520019B04E /* WebCamMapViewController.swift */; };
/* End PBXBuildFile section */

/* Begin PBXContainerItemProxy section */
		DF01E48D2434C29F005F9117 /* PBXContainerItemProxy */ = {
			isa = PBXContainerItemProxy;
			containerPortal = DF01E46B2434C29A005F9117 /* Project object */;
			proxyType = 1;
			remoteGlobalIDString = DF01E4722434C29A005F9117;
			remoteInfo = WebCamMap;
		};
/* End PBXContainerItemProxy section */

/* Begin PBXFileReference section */
		DF01E4732434C29A005F9117 /* WebCamMap.app */ = {isa = PBXFileReference; explicitFileType = wrapper.application; includeInIndex = 0; path = WebCamMap.app; sourceTree = BUILT_PRODUCTS_DIR; };
		DF01E4762434C29A005F9117 /* AppDelegate.swift */ = {isa = PBXFileReference; lastKnownFileType = sourcecode.swift; path = AppDelegate.swift; sourceTree = "<group>"; };
		DF01E4782434C29A005F9117 /* SceneDelegate.swift */ = {isa = PBXFileReference; lastKnownFileType = sourcecode.swift; path = SceneDelegate.swift; sourceTree = "<group>"; };
		DF01E4802434C29A005F9117 /* WebCamMap.xcdatamodel */ = {isa = PBXFileReference; lastKnownFileType = wrapper.xcdatamodel; path = WebCamMap.xcdatamodel; sourceTree = "<group>"; };
		DF01E4822434C29F005F9117 /* Assets.xcassets */ = {isa = PBXFileReference; lastKnownFileType = folder.assetcatalog; path = Assets.xcassets; sourceTree = "<group>"; };
		DF01E4852434C29F005F9117 /* Base */ = {isa = PBXFileReference; lastKnownFileType = file.storyboard; name = Base; path = Base.lproj/LaunchScreen.storyboard; sourceTree = "<group>"; };
		DF01E4872434C29F005F9117 /* Info.plist */ = {isa = PBXFileReference; lastKnownFileType = text.plist.xml; path = Info.plist; sourceTree = "<group>"; };
		DF01E48C2434C29F005F9117 /* WebCamMapTests.xctest */ = {isa = PBXFileReference; explicitFileType = wrapper.cfbundle; includeInIndex = 0; path = WebCamMapTests.xctest; sourceTree = BUILT_PRODUCTS_DIR; };
		DF01E4902434C29F005F9117 /* WebCamMapTests.swift */ = {isa = PBXFileReference; lastKnownFileType = sourcecode.swift; path = WebCamMapTests.swift; sourceTree = "<group>"; };
		DF01E49F2434C3A6005F9117 /* Main.storyboard */ = {isa = PBXFileReference; fileEncoding = 4; lastKnownFileType = file.storyboard; path = Main.storyboard; sourceTree = "<group>"; };
		DF01E4A12434C897005F9117 /* Info.plist */ = {isa = PBXFileReference; fileEncoding = 4; lastKnownFileType = text.plist.xml; name = Info.plist; path = ../../OpenWeatherNemke/OpenWeatherNemke/Info.plist; sourceTree = "<group>"; };
		DF01E4A32437435C005F9117 /* WebCamInfoTableViewController.swift */ = {isa = PBXFileReference; lastKnownFileType = sourcecode.swift; path = WebCamInfoTableViewController.swift; sourceTree = "<group>"; };
		DF01E4A5243758BC005F9117 /* WebCamInfoTableViewCell.swift */ = {isa = PBXFileReference; lastKnownFileType = sourcecode.swift; path = WebCamInfoTableViewCell.swift; sourceTree = "<group>"; };
		DFABF2282437A0520019B04E /* WebCamMapViewController.swift */ = {isa = PBXFileReference; lastKnownFileType = sourcecode.swift; path = WebCamMapViewController.swift; sourceTree = "<group>"; };
/* End PBXFileReference section */

/* Begin PBXFrameworksBuildPhase section */
		DF01E4702434C29A005F9117 /* Frameworks */ = {
			isa = PBXFrameworksBuildPhase;
			buildActionMask = 2147483647;
			files = (
			);
			runOnlyForDeploymentPostprocessing = 0;
		};
		DF01E4892434C29F005F9117 /* Frameworks */ = {
			isa = PBXFrameworksBuildPhase;
			buildActionMask = 2147483647;
			files = (
			);
			runOnlyForDeploymentPostprocessing = 0;
		};
/* End PBXFrameworksBuildPhase section */

/* Begin PBXGroup section */
		DF01E46A2434C29A005F9117 = {
			isa = PBXGroup;
			children = (
				DF01E4752434C29A005F9117 /* WebCamMap */,
				DF01E48F2434C29F005F9117 /* WebCamMapTests */,
				DF01E4742434C29A005F9117 /* Products */,
			);
			sourceTree = "<group>";
		};
		DF01E4742434C29A005F9117 /* Products */ = {
			isa = PBXGroup;
			children = (
				DF01E4732434C29A005F9117 /* WebCamMap.app */,
				DF01E48C2434C29F005F9117 /* WebCamMapTests.xctest */,
			);
			name = Products;
			sourceTree = "<group>";
		};
		DF01E4752434C29A005F9117 /* WebCamMap */ = {
			isa = PBXGroup;
			children = (
				DFABF2282437A0520019B04E /* WebCamMapViewController.swift */,
				DF01E4762434C29A005F9117 /* AppDelegate.swift */,
				DF01E4782434C29A005F9117 /* SceneDelegate.swift */,
				DF01E49F2434C3A6005F9117 /* Main.storyboard */,
				DF01E4A5243758BC005F9117 /* WebCamInfoTableViewCell.swift */,
				DF01E4A32437435C005F9117 /* WebCamInfoTableViewController.swift */,
				DF01E4822434C29F005F9117 /* Assets.xcassets */,
				DF01E4842434C29F005F9117 /* LaunchScreen.storyboard */,
				DF01E4872434C29F005F9117 /* Info.plist */,
				DF01E47F2434C29A005F9117 /* WebCamMap.xcdatamodeld */,
			);
			path = WebCamMap;
			sourceTree = "<group>";
		};
		DF01E48F2434C29F005F9117 /* WebCamMapTests */ = {
			isa = PBXGroup;
			children = (
				DF01E4902434C29F005F9117 /* WebCamMapTests.swift */,
				DF01E4A12434C897005F9117 /* Info.plist */,
			);
			path = WebCamMapTests;
			sourceTree = "<group>";
		};
/* End PBXGroup section */

/* Begin PBXNativeTarget section */
		DF01E4722434C29A005F9117 /* WebCamMap */ = {
			isa = PBXNativeTarget;
			buildConfigurationList = DF01E4952434C29F005F9117 /* Build configuration list for PBXNativeTarget "WebCamMap" */;
			buildPhases = (
				DF01E46F2434C29A005F9117 /* Sources */,
				DF01E4702434C29A005F9117 /* Frameworks */,
				DF01E4712434C29A005F9117 /* Resources */,
			);
			buildRules = (
			);
			dependencies = (
			);
			name = WebCamMap;
			productName = WebCamMap;
			productReference = DF01E4732434C29A005F9117 /* WebCamMap.app */;
			productType = "com.apple.product-type.application";
		};
		DF01E48B2434C29F005F9117 /* WebCamMapTests */ = {
			isa = PBXNativeTarget;
			buildConfigurationList = DF01E4982434C29F005F9117 /* Build configuration list for PBXNativeTarget "WebCamMapTests" */;
			buildPhases = (
				DF01E4882434C29F005F9117 /* Sources */,
				DF01E4892434C29F005F9117 /* Frameworks */,
				DF01E48A2434C29F005F9117 /* Resources */,
			);
			buildRules = (
			);
			dependencies = (
				DF01E48E2434C29F005F9117 /* PBXTargetDependency */,
			);
			name = WebCamMapTests;
			productName = WebCamMapTests;
			productReference = DF01E48C2434C29F005F9117 /* WebCamMapTests.xctest */;
			productType = "com.apple.product-type.bundle.unit-test";
		};
/* End PBXNativeTarget section */

/* Begin PBXProject section */
		DF01E46B2434C29A005F9117 /* Project object */ = {
			isa = PBXProject;
			attributes = {
				LastSwiftUpdateCheck = 1140;
				LastUpgradeCheck = 1140;
				ORGANIZATIONNAME = "Nemanja Petrovic";
				TargetAttributes = {
					DF01E4722434C29A005F9117 = {
						CreatedOnToolsVersion = 11.4;
					};
					DF01E48B2434C29F005F9117 = {
						CreatedOnToolsVersion = 11.4;
						TestTargetID = DF01E4722434C29A005F9117;
					};
				};
			};
			buildConfigurationList = DF01E46E2434C29A005F9117 /* Build configuration list for PBXProject "WebCamMap" */;
			compatibilityVersion = "Xcode 9.3";
			developmentRegion = en;
			hasScannedForEncodings = 0;
			knownRegions = (
				en,
				Base,
			);
			mainGroup = DF01E46A2434C29A005F9117;
			productRefGroup = DF01E4742434C29A005F9117 /* Products */;
			projectDirPath = "";
			projectRoot = "";
			targets = (
				DF01E4722434C29A005F9117 /* WebCamMap */,
				DF01E48B2434C29F005F9117 /* WebCamMapTests */,
			);
		};
/* End PBXProject section */

/* Begin PBXResourcesBuildPhase section */
		DF01E4712434C29A005F9117 /* Resources */ = {
			isa = PBXResourcesBuildPhase;
			buildActionMask = 2147483647;
			files = (
				DF01E4862434C29F005F9117 /* LaunchScreen.storyboard in Resources */,
				DF01E4832434C29F005F9117 /* Assets.xcassets in Resources */,
				DF01E4A02434C3A6005F9117 /* Main.storyboard in Resources */,
			);
			runOnlyForDeploymentPostprocessing = 0;
		};
		DF01E48A2434C29F005F9117 /* Resources */ = {
			isa = PBXResourcesBuildPhase;
			buildActionMask = 2147483647;
			files = (
				DF01E4A22434C897005F9117 /* Info.plist in Resources */,
			);
			runOnlyForDeploymentPostprocessing = 0;
		};
/* End PBXResourcesBuildPhase section */

/* Begin PBXSourcesBuildPhase section */
		DF01E46F2434C29A005F9117 /* Sources */ = {
			isa = PBXSourcesBuildPhase;
			buildActionMask = 2147483647;
			files = (
				DF01E4772434C29A005F9117 /* AppDelegate.swift in Sources */,
				DF01E4A6243758BC005F9117 /* WebCamInfoTableViewCell.swift in Sources */,
				DF01E4792434C29A005F9117 /* SceneDelegate.swift in Sources */,
				DF01E4A42437435C005F9117 /* WebCamInfoTableViewController.swift in Sources */,
				DFABF2292437A0520019B04E /* WebCamMapViewController.swift in Sources */,
				DF01E4812434C29A005F9117 /* WebCamMap.xcdatamodeld in Sources */,
			);
			runOnlyForDeploymentPostprocessing = 0;
		};
		DF01E4882434C29F005F9117 /* Sources */ = {
			isa = PBXSourcesBuildPhase;
			buildActionMask = 2147483647;
			files = (
				DF4BE61A2438E29D00125E6E /* WebCamInfoTableViewController.swift in Sources */,
				DF01E4912434C29F005F9117 /* WebCamMapTests.swift in Sources */,
			);
			runOnlyForDeploymentPostprocessing = 0;
		};
/* End PBXSourcesBuildPhase section */

/* Begin PBXTargetDependency section */
		DF01E48E2434C29F005F9117 /* PBXTargetDependency */ = {
			isa = PBXTargetDependency;
			target = DF01E4722434C29A005F9117 /* WebCamMap */;
			targetProxy = DF01E48D2434C29F005F9117 /* PBXContainerItemProxy */;
		};
/* End PBXTargetDependency section */

/* Begin PBXVariantGroup section */
		DF01E4842434C29F005F9117 /* LaunchScreen.storyboard */ = {
			isa = PBXVariantGroup;
			children = (
				DF01E4852434C29F005F9117 /* Base */,
			);
			name = LaunchScreen.storyboard;
			sourceTree = "<group>";
		};
/* End PBXVariantGroup section */

/* Begin XCBuildConfiguration section */
		DF01E4932434C29F005F9117 /* Debug */ = {
			isa = XCBuildConfiguration;
			buildSettings = {
				ALWAYS_SEARCH_USER_PATHS = NO;
				CLANG_ANALYZER_NONNULL = YES;
				CLANG_ANALYZER_NUMBER_OBJECT_CONVERSION = YES_AGGRESSIVE;
				CLANG_CXX_LANGUAGE_STANDARD = "gnu++14";
				CLANG_CXX_LIBRARY = "libc++";
				CLANG_ENABLE_MODULES = YES;
				CLANG_ENABLE_OBJC_ARC = YES;
				CLANG_ENABLE_OBJC_WEAK = YES;
				CLANG_WARN_BLOCK_CAPTURE_AUTORELEASING = YES;
				CLANG_WARN_BOOL_CONVERSION = YES;
				CLANG_WARN_COMMA = YES;
				CLANG_WARN_CONSTANT_CONVERSION = YES;
				CLANG_WARN_DEPRECATED_OBJC_IMPLEMENTATIONS = YES;
				CLANG_WARN_DIRECT_OBJC_ISA_USAGE = YES_ERROR;
				CLANG_WARN_DOCUMENTATION_COMMENTS = YES;
				CLANG_WARN_EMPTY_BODY = YES;
				CLANG_WARN_ENUM_CONVERSION = YES;
				CLANG_WARN_INFINITE_RECURSION = YES;
				CLANG_WARN_INT_CONVERSION = YES;
				CLANG_WARN_NON_LITERAL_NULL_CONVERSION = YES;
				CLANG_WARN_OBJC_IMPLICIT_RETAIN_SELF = YES;
				CLANG_WARN_OBJC_LITERAL_CONVERSION = YES;
				CLANG_WARN_OBJC_ROOT_CLASS = YES_ERROR;
				CLANG_WARN_RANGE_LOOP_ANALYSIS = YES;
				CLANG_WARN_STRICT_PROTOTYPES = YES;
				CLANG_WARN_SUSPICIOUS_MOVE = YES;
				CLANG_WARN_UNGUARDED_AVAILABILITY = YES_AGGRESSIVE;
				CLANG_WARN_UNREACHABLE_CODE = YES;
				CLANG_WARN__DUPLICATE_METHOD_MATCH = YES;
				COPY_PHASE_STRIP = NO;
				DEBUG_INFORMATION_FORMAT = dwarf;
				ENABLE_STRICT_OBJC_MSGSEND = YES;
				ENABLE_TESTABILITY = YES;
				GCC_C_LANGUAGE_STANDARD = gnu11;
				GCC_DYNAMIC_NO_PIC = NO;
				GCC_NO_COMMON_BLOCKS = YES;
				GCC_OPTIMIZATION_LEVEL = 0;
				GCC_PREPROCESSOR_DEFINITIONS = (
					"DEBUG=1",
					"$(inherited)",
				);
				GCC_WARN_64_TO_32_BIT_CONVERSION = YES;
				GCC_WARN_ABOUT_RETURN_TYPE = YES_ERROR;
				GCC_WARN_UNDECLARED_SELECTOR = YES;
				GCC_WARN_UNINITIALIZED_AUTOS = YES_AGGRESSIVE;
				GCC_WARN_UNUSED_FUNCTION = YES;
				GCC_WARN_UNUSED_VARIABLE = YES;
				IPHONEOS_DEPLOYMENT_TARGET = 13.4;
				MTL_ENABLE_DEBUG_INFO = INCLUDE_SOURCE;
				MTL_FAST_MATH = YES;
				ONLY_ACTIVE_ARCH = YES;
				SDKROOT = iphoneos;
				SWIFT_ACTIVE_COMPILATION_CONDITIONS = DEBUG;
				SWIFT_OPTIMIZATION_LEVEL = "-Onone";
			};
			name = Debug;
		};
		DF01E4942434C29F005F9117 /* Release */ = {
			isa = XCBuildConfiguration;
			buildSettings = {
				ALWAYS_SEARCH_USER_PATHS = NO;
				CLANG_ANALYZER_NONNULL = YES;
				CLANG_ANALYZER_NUMBER_OBJECT_CONVERSION = YES_AGGRESSIVE;
				CLANG_CXX_LANGUAGE_STANDARD = "gnu++14";
				CLANG_CXX_LIBRARY = "libc++";
				CLANG_ENABLE_MODULES = YES;
				CLANG_ENABLE_OBJC_ARC = YES;
				CLANG_ENABLE_OBJC_WEAK = YES;
				CLANG_WARN_BLOCK_CAPTURE_AUTORELEASING = YES;
				CLANG_WARN_BOOL_CONVERSION = YES;
				CLANG_WARN_COMMA = YES;
				CLANG_WARN_CONSTANT_CONVERSION = YES;
				CLANG_WARN_DEPRECATED_OBJC_IMPLEMENTATIONS = YES;
				CLANG_WARN_DIRECT_OBJC_ISA_USAGE = YES_ERROR;
				CLANG_WARN_DOCUMENTATION_COMMENTS = YES;
				CLANG_WARN_EMPTY_BODY = YES;
				CLANG_WARN_ENUM_CONVERSION = YES;
				CLANG_WARN_INFINITE_RECURSION = YES;
				CLANG_WARN_INT_CONVERSION = YES;
				CLANG_WARN_NON_LITERAL_NULL_CONVERSION = YES;
				CLANG_WARN_OBJC_IMPLICIT_RETAIN_SELF = YES;
				CLANG_WARN_OBJC_LITERAL_CONVERSION = YES;
				CLANG_WARN_OBJC_ROOT_CLASS = YES_ERROR;
				CLANG_WARN_RANGE_LOOP_ANALYSIS = YES;
				CLANG_WARN_STRICT_PROTOTYPES = YES;
				CLANG_WARN_SUSPICIOUS_MOVE = YES;
				CLANG_WARN_UNGUARDED_AVAILABILITY = YES_AGGRESSIVE;
				CLANG_WARN_UNREACHABLE_CODE = YES;
				CLANG_WARN__DUPLICATE_METHOD_MATCH = YES;
				COPY_PHASE_STRIP = NO;
				DEBUG_INFORMATION_FORMAT = "dwarf-with-dsym";
				ENABLE_NS_ASSERTIONS = NO;
				ENABLE_STRICT_OBJC_MSGSEND = YES;
				GCC_C_LANGUAGE_STANDARD = gnu11;
				GCC_NO_COMMON_BLOCKS = YES;
				GCC_WARN_64_TO_32_BIT_CONVERSION = YES;
				GCC_WARN_ABOUT_RETURN_TYPE = YES_ERROR;
				GCC_WARN_UNDECLARED_SELECTOR = YES;
				GCC_WARN_UNINITIALIZED_AUTOS = YES_AGGRESSIVE;
				GCC_WARN_UNUSED_FUNCTION = YES;
				GCC_WARN_UNUSED_VARIABLE = YES;
				IPHONEOS_DEPLOYMENT_TARGET = 13.4;
				MTL_ENABLE_DEBUG_INFO = NO;
				MTL_FAST_MATH = YES;
				SDKROOT = iphoneos;
				SWIFT_COMPILATION_MODE = wholemodule;
				SWIFT_OPTIMIZATION_LEVEL = "-O";
				VALIDATE_PRODUCT = YES;
			};
			name = Release;
		};
		DF01E4962434C29F005F9117 /* Debug */ = {
			isa = XCBuildConfiguration;
			buildSettings = {
				ASSETCATALOG_COMPILER_APPICON_NAME = AppIcon;
				CODE_SIGN_STYLE = Automatic;
				DEVELOPMENT_TEAM = PG994VZ565;
				INFOPLIST_FILE = WebCamMap/Info.plist;
				IPHONEOS_DEPLOYMENT_TARGET = 13.0;
				LD_RUNPATH_SEARCH_PATHS = (
					"$(inherited)",
					"@executable_path/Frameworks",
				);
				PRODUCT_BUNDLE_IDENTIFIER = com.nemkepetrovic.WebCamMap;
				PRODUCT_NAME = "$(TARGET_NAME)";
				SWIFT_VERSION = 5.0;
				TARGETED_DEVICE_FAMILY = "1,2";
			};
			name = Debug;
		};
		DF01E4972434C29F005F9117 /* Release */ = {
			isa = XCBuildConfiguration;
			buildSettings = {
				ASSETCATALOG_COMPILER_APPICON_NAME = AppIcon;
				CODE_SIGN_STYLE = Automatic;
				DEVELOPMENT_TEAM = PG994VZ565;
				INFOPLIST_FILE = WebCamMap/Info.plist;
				IPHONEOS_DEPLOYMENT_TARGET = 13.0;
				LD_RUNPATH_SEARCH_PATHS = (
					"$(inherited)",
					"@executable_path/Frameworks",
				);
				PRODUCT_BUNDLE_IDENTIFIER = com.nemkepetrovic.WebCamMap;
				PRODUCT_NAME = "$(TARGET_NAME)";
				SWIFT_VERSION = 5.0;
				TARGETED_DEVICE_FAMILY = "1,2";
			};
			name = Release;
		};
		DF01E4992434C29F005F9117 /* Debug */ = {
			isa = XCBuildConfiguration;
			buildSettings = {
				ALWAYS_EMBED_SWIFT_STANDARD_LIBRARIES = YES;
				BUNDLE_LOADER = "$(TEST_HOST)";
				CODE_SIGN_STYLE = Automatic;
				DEVELOPMENT_TEAM = PG994VZ565;
				INFOPLIST_FILE = WebCamMapTests/Info.plist;
				IPHONEOS_DEPLOYMENT_TARGET = 13.4;
				LD_RUNPATH_SEARCH_PATHS = (
					"$(inherited)",
					"@executable_path/Frameworks",
					"@loader_path/Frameworks",
				);
				PRODUCT_BUNDLE_IDENTIFIER = com.nemkepetrovic.WebCamMapTests;
				PRODUCT_NAME = "$(TARGET_NAME)";
				SWIFT_VERSION = 5.0;
				TARGETED_DEVICE_FAMILY = "1,2";
				TEST_HOST = "$(BUILT_PRODUCTS_DIR)/WebCamMap.app/WebCamMap";
			};
			name = Debug;
		};
		DF01E49A2434C29F005F9117 /* Release */ = {
			isa = XCBuildConfiguration;
			buildSettings = {
				ALWAYS_EMBED_SWIFT_STANDARD_LIBRARIES = YES;
				BUNDLE_LOADER = "$(TEST_HOST)";
				CODE_SIGN_STYLE = Automatic;
				DEVELOPMENT_TEAM = PG994VZ565;
				INFOPLIST_FILE = WebCamMapTests/Info.plist;
				IPHONEOS_DEPLOYMENT_TARGET = 13.4;
				LD_RUNPATH_SEARCH_PATHS = (
					"$(inherited)",
					"@executable_path/Frameworks",
					"@loader_path/Frameworks",
				);
				PRODUCT_BUNDLE_IDENTIFIER = com.nemkepetrovic.WebCamMapTests;
				PRODUCT_NAME = "$(TARGET_NAME)";
				SWIFT_VERSION = 5.0;
				TARGETED_DEVICE_FAMILY = "1,2";
				TEST_HOST = "$(BUILT_PRODUCTS_DIR)/WebCamMap.app/WebCamMap";
			};
			name = Release;
		};
/* End XCBuildConfiguration section */

/* Begin XCConfigurationList section */
		DF01E46E2434C29A005F9117 /* Build configuration list for PBXProject "WebCamMap" */ = {
			isa = XCConfigurationList;
			buildConfigurations = (
				DF01E4932434C29F005F9117 /* Debug */,
				DF01E4942434C29F005F9117 /* Release */,
			);
			defaultConfigurationIsVisible = 0;
			defaultConfigurationName = Release;
		};
		DF01E4952434C29F005F9117 /* Build configuration list for PBXNativeTarget "WebCamMap" */ = {
			isa = XCConfigurationList;
			buildConfigurations = (
				DF01E4962434C29F005F9117 /* Debug */,
				DF01E4972434C29F005F9117 /* Release */,
			);
			defaultConfigurationIsVisible = 0;
			defaultConfigurationName = Release;
		};
		DF01E4982434C29F005F9117 /* Build configuration list for PBXNativeTarget "WebCamMapTests" */ = {
			isa = XCConfigurationList;
			buildConfigurations = (
				DF01E4992434C29F005F9117 /* Debug */,
				DF01E49A2434C29F005F9117 /* Release */,
			);
			defaultConfigurationIsVisible = 0;
			defaultConfigurationName = Release;
		};
/* End XCConfigurationList section */

/* Begin XCVersionGroup section */
		DF01E47F2434C29A005F9117 /* WebCamMap.xcdatamodeld */ = {
			isa = XCVersionGroup;
			children = (
				DF01E4802434C29A005F9117 /* WebCamMap.xcdatamodel */,
			);
			currentVersion = DF01E4802434C29A005F9117 /* WebCamMap.xcdatamodel */;
			path = WebCamMap.xcdatamodeld;
			sourceTree = "<group>";
			versionGroupType = wrapper.xcdatamodel;
		};
/* End XCVersionGroup section */
	};
	rootObject = DF01E46B2434C29A005F9117 /* Project object */;
}
